
Microsoft Visual Studio Solution File, Format Version 12.00
# Visual Studio 15
VisualStudioVersion = 15.0.26430.13
MinimumVisualStudioVersion = 10.0.40219.1
Project("{2150E333-8FDC-42A3-9474-1A3956D46DE8}") = "Solution Items", "Solution Items", "{ABD5AB8D-0C5C-40E0-A0F6-8CF4D37A1550}"
	ProjectSection(SolutionItems) = preProject
		appveyor.yml = appveyor.yml
		GenerateCoverageReport.ps1 = GenerateCoverageReport.ps1
		README.md = README.md
	EndProjectSection
EndProject
Project("{FAE04EC0-301F-11D3-BF4B-00C04F79EFBC}") = "Stranne.BooliLib", "Stranne.BooliLib\Stranne.BooliLib.csproj", "{437C9C72-23E1-40F7-A103-28C26EDE0B82}"
EndProject
Project("{FAE04EC0-301F-11D3-BF4B-00C04F79EFBC}") = "Stranne.BooliLib.Tests", "Stranne.BooliLib.Tests\Stranne.BooliLib.Tests.csproj", "{3DA945E7-AB3F-4E30-9726-D1F20504CA0B}"
EndProject
Project("{2150E333-8FDC-42A3-9474-1A3956D46DE8}") = "Examples", "Examples", "{662A75DA-E983-44AF-98A4-26982B0A8CA1}"
EndProject
Project("{FAE04EC0-301F-11D3-BF4B-00C04F79EFBC}") = "Stranne.BooliLib.Examples.Api", "Stranne.BooliLib.Examples.Api\Stranne.BooliLib.Examples.Api.csproj", "{35AC76D2-D968-4345-BAB8-FAA25A41CB6F}"
EndProject
Global
	GlobalSection(SolutionConfigurationPlatforms) = preSolution
		Debug|Any CPU = Debug|Any CPU
		Release|Any CPU = Release|Any CPU
	EndGlobalSection
	GlobalSection(ProjectConfigurationPlatforms) = postSolution
		{437C9C72-23E1-40F7-A103-28C26EDE0B82}.Debug|Any CPU.ActiveCfg = Debug|Any CPU
		{437C9C72-23E1-40F7-A103-28C26EDE0B82}.Debug|Any CPU.Build.0 = Debug|Any CPU
		{437C9C72-23E1-40F7-A103-28C26EDE0B82}.Release|Any CPU.ActiveCfg = Release|Any CPU
		{437C9C72-23E1-40F7-A103-28C26EDE0B82}.Release|Any CPU.Build.0 = Release|Any CPU
		{3DA945E7-AB3F-4E30-9726-D1F20504CA0B}.Debug|Any CPU.ActiveCfg = Debug|Any CPU
		{3DA945E7-AB3F-4E30-9726-D1F20504CA0B}.Debug|Any CPU.Build.0 = Debug|Any CPU
		{3DA945E7-AB3F-4E30-9726-D1F20504CA0B}.Release|Any CPU.ActiveCfg = Release|Any CPU
		{3DA945E7-AB3F-4E30-9726-D1F20504CA0B}.Release|Any CPU.Build.0 = Release|Any CPU
		{35AC76D2-D968-4345-BAB8-FAA25A41CB6F}.Debug|Any CPU.ActiveCfg = Debug|Any CPU
		{35AC76D2-D968-4345-BAB8-FAA25A41CB6F}.Debug|Any CPU.Build.0 = Debug|Any CPU
		{35AC76D2-D968-4345-BAB8-FAA25A41CB6F}.Release|Any CPU.ActiveCfg = Release|Any CPU
		{35AC76D2-D968-4345-BAB8-FAA25A41CB6F}.Release|Any CPU.Build.0 = Release|Any CPU
	EndGlobalSection
	GlobalSection(SolutionProperties) = preSolution
		HideSolutionNode = FALSE
	EndGlobalSection
	GlobalSection(NestedProjects) = preSolution
		{35AC76D2-D968-4345-BAB8-FAA25A41CB6F} = {662A75DA-E983-44AF-98A4-26982B0A8CA1}
	EndGlobalSection
EndGlobal
